
Microsoft Visual Studio Solution File, Format Version 12.00
# Visual Studio Version 16
VisualStudioVersion = 16.0.30503.244
MinimumVisualStudioVersion = 10.0.40219.1
Project("{FAE04EC0-301F-11D3-BF4B-00C04F79EFBC}") = "FirstWebAPI", "FirstWebAPI.csproj", "{72D23AA0-5852-47F9-A3D9-BA16295FDFCF}"
EndProject
Global
	GlobalSection(SolutionConfigurationPlatforms) = preSolution
		Debug|Any CPU = Debug|Any CPU
		Release|Any CPU = Release|Any CPU
	EndGlobalSection
	GlobalSection(ProjectConfigurationPlatforms) = postSolution
		{72D23AA0-5852-47F9-A3D9-BA16295FDFCF}.Debug|Any CPU.ActiveCfg = Debug|Any CPU
		{72D23AA0-5852-47F9-A3D9-BA16295FDFCF}.Debug|Any CPU.Build.0 = Debug|Any CPU
		{72D23AA0-5852-47F9-A3D9-BA16295FDFCF}.Release|Any CPU.ActiveCfg = Release|Any CPU
		{72D23AA0-5852-47F9-A3D9-BA16295FDFCF}.Release|Any CPU.Build.0 = Release|Any CPU
	EndGlobalSection
	GlobalSection(SolutionProperties) = preSolution
		HideSolutionNode = FALSE
	EndGlobalSection
	GlobalSection(ExtensibilityGlobals) = postSolution
		SolutionGuid = {9F492AAA-3114-45FB-8869-A9F6FA19361B}
	EndGlobalSection
EndGlobal
